
Microsoft Visual Studio Solution File, Format Version 12.00
# Visual Studio Version 17
VisualStudioVersion = 17.3.32811.315
MinimumVisualStudioVersion = 10.0.40219.1
Project("{FAE04EC0-301F-11D3-BF4B-00C04F79EFBC}") = "porcento", "porcento\porcento.csproj", "{72FEE196-AD15-4850-87BA-908281CB02B2}"
EndProject
Global
	GlobalSection(SolutionConfigurationPlatforms) = preSolution
		Debug|Any CPU = Debug|Any CPU
		Release|Any CPU = Release|Any CPU
	EndGlobalSection
	GlobalSection(ProjectConfigurationPlatforms) = postSolution
		{72FEE196-AD15-4850-87BA-908281CB02B2}.Debug|Any CPU.ActiveCfg = Debug|Any CPU
		{72FEE196-AD15-4850-87BA-908281CB02B2}.Debug|Any CPU.Build.0 = Debug|Any CPU
		{72FEE196-AD15-4850-87BA-908281CB02B2}.Release|Any CPU.ActiveCfg = Release|Any CPU
		{72FEE196-AD15-4850-87BA-908281CB02B2}.Release|Any CPU.Build.0 = Release|Any CPU
	EndGlobalSection
	GlobalSection(SolutionProperties) = preSolution
		HideSolutionNode = FALSE
	EndGlobalSection
	GlobalSection(ExtensibilityGlobals) = postSolution
		SolutionGuid = {D03C9ABA-C2CB-48C3-A0EA-F0E25072A6E5}
	EndGlobalSection
EndGlobal
